
Microsoft Visual Studio Solution File, Format Version 12.00
# Visual Studio 2013
VisualStudioVersion = 12.0.31101.0
MinimumVisualStudioVersion = 10.0.40219.1
Project("{8BC9CEB8-8B4A-11D0-8D11-00A0C91BC942}") = "Engine", "Engine\Engine.vcxproj", "{90ED14F5-0207-4E61-B68B-09F2E405EC28}"
	ProjectSection(ProjectDependencies) = postProject
		{6FF73F33-4753-43DA-A52C-B8BF4CACFEFD} = {6FF73F33-4753-43DA-A52C-B8BF4CACFEFD}
		{E0B52AE7-E160-4D32-BF3F-910B785E5A8E} = {E0B52AE7-E160-4D32-BF3F-910B785E5A8E}
	EndProjectSection
EndProject
Project("{8BC9CEB8-8B4A-11D0-8D11-00A0C91BC942}") = "DirectXTK_Desktop_2013", "DirectXTK\DirectXTK_Desktop_2013.vcxproj", "{E0B52AE7-E160-4D32-BF3F-910B785E5A8E}"
EndProject
Project("{8BC9CEB8-8B4A-11D0-8D11-00A0C91BC942}") = "PhysicProject", "PhysicProject\PhysicProject.vcxproj", "{6FF73F33-4753-43DA-A52C-B8BF4CACFEFD}"
EndProject
Project("{2150E333-8FDC-42A3-9474-1A3956D46DE8}") = "Solution Items", "Solution Items", "{3A0D1DE9-42ED-4C54-AC6A-E00CE221B10D}"
	ProjectSection(SolutionItems) = preProject
		Performance1.psess = Performance1.psess
	EndProjectSection
EndProject
Global
	GlobalSection(SolutionConfigurationPlatforms) = preSolution
		Debug|Win32 = Debug|Win32
		Debug|x64 = Debug|x64
		Release|Win32 = Release|Win32
		Release|x64 = Release|x64
	EndGlobalSection
	GlobalSection(ProjectConfigurationPlatforms) = postSolution
		{90ED14F5-0207-4E61-B68B-09F2E405EC28}.Debug|Win32.ActiveCfg = Debug|Win32
		{90ED14F5-0207-4E61-B68B-09F2E405EC28}.Debug|Win32.Build.0 = Debug|Win32
		{90ED14F5-0207-4E61-B68B-09F2E405EC28}.Debug|x64.ActiveCfg = Debug|Win32
		{90ED14F5-0207-4E61-B68B-09F2E405EC28}.Release|Win32.ActiveCfg = Release|Win32
		{90ED14F5-0207-4E61-B68B-09F2E405EC28}.Release|Win32.Build.0 = Release|Win32
		{90ED14F5-0207-4E61-B68B-09F2E405EC28}.Release|x64.ActiveCfg = Release|Win32
		{E0B52AE7-E160-4D32-BF3F-910B785E5A8E}.Debug|Win32.ActiveCfg = Debug|Win32
		{E0B52AE7-E160-4D32-BF3F-910B785E5A8E}.Debug|Win32.Build.0 = Debug|Win32
		{E0B52AE7-E160-4D32-BF3F-910B785E5A8E}.Debug|x64.ActiveCfg = Debug|x64
		{E0B52AE7-E160-4D32-BF3F-910B785E5A8E}.Debug|x64.Build.0 = Debug|x64
		{E0B52AE7-E160-4D32-BF3F-910B785E5A8E}.Release|Win32.ActiveCfg = Release|Win32
		{E0B52AE7-E160-4D32-BF3F-910B785E5A8E}.Release|Win32.Build.0 = Release|Win32
		{E0B52AE7-E160-4D32-BF3F-910B785E5A8E}.Release|x64.ActiveCfg = Release|x64
		{E0B52AE7-E160-4D32-BF3F-910B785E5A8E}.Release|x64.Build.0 = Release|x64
		{6FF73F33-4753-43DA-A52C-B8BF4CACFEFD}.Debug|Win32.ActiveCfg = Debug|Win32
		{6FF73F33-4753-43DA-A52C-B8BF4CACFEFD}.Debug|Win32.Build.0 = Debug|Win32
		{6FF73F33-4753-43DA-A52C-B8BF4CACFEFD}.Debug|x64.ActiveCfg = Debug|Win32
		{6FF73F33-4753-43DA-A52C-B8BF4CACFEFD}.Release|Win32.ActiveCfg = Release|Win32
		{6FF73F33-4753-43DA-A52C-B8BF4CACFEFD}.Release|Win32.Build.0 = Release|Win32
		{6FF73F33-4753-43DA-A52C-B8BF4CACFEFD}.Release|x64.ActiveCfg = Release|Win32
	EndGlobalSection
	GlobalSection(SolutionProperties) = preSolution
		HideSolutionNode = FALSE
	EndGlobalSection
EndGlobal
