<?xml version="1.0" encoding="utf-8"?>
<Project ToolsVersion="4.0" xmlns="http://schemas.microsoft.com/developer/msbuild/2003">
  <ItemGroup>
    <Filter Include="Source Files">
      <UniqueIdentifier>{4FC737F1-C7A5-4376-A066-2A32D752A2FF}</UniqueIdentifier>
      <Extensions>cpp;c;cc;cxx;def;odl;idl;hpj;bat;asm;asmx</Extensions>
    </Filter>
    <Filter Include="Header Files">
      <UniqueIdentifier>{93995380-89BD-4b04-88EB-625FBE52EBFB}</UniqueIdentifier>
      <Extensions>h;hh;hpp;hxx;hm;inl;inc;xsd</Extensions>
    </Filter>
    <Filter Include="Resource Files">
      <UniqueIdentifier>{67DA6AB6-F800-4c08-8B7A-83BB121AAD01}</UniqueIdentifier>
      <Extensions>rc;ico;cur;bmp;dlg;rc2;rct;bin;rgs;gif;jpg;jpeg;jpe;resx;tiff;tif;png;wav;mfcribbon-ms</Extensions>
    </Filter>
    <Filter Include="Header Files\Physic">
      <UniqueIdentifier>{82aa6ce5-f205-40db-bc48-1c4829e4652d}</UniqueIdentifier>
    </Filter>
    <Filter Include="Header Files\Util">
      <UniqueIdentifier>{37ae2a03-5780-44aa-b803-63cc019740ca}</UniqueIdentifier>
    </Filter>
    <Filter Include="Source Files\Util">
      <UniqueIdentifier>{667a5e62-4087-46d3-9242-70c4ca2b8444}</UniqueIdentifier>
    </Filter>
    <Filter Include="Source Files\Physic">
      <UniqueIdentifier>{3885670e-13df-4b26-b617-7a1e838087c2}</UniqueIdentifier>
    </Filter>
    <Filter Include="Source Files\Rigidbody">
      <UniqueIdentifier>{a0847e13-66e6-4285-bd90-9951b7731e7d}</UniqueIdentifier>
    </Filter>
    <Filter Include="Header Files\Rigidbody">
      <UniqueIdentifier>{b4fd508f-e053-44ad-a30b-e573fff9e688}</UniqueIdentifier>
    </Filter>
    <Filter Include="Header Files\Collision">
      <UniqueIdentifier>{d9553475-ef90-41a6-950d-aa1bf503ec37}</UniqueIdentifier>
    </Filter>
    <Filter Include="Source Files\Collision">
      <UniqueIdentifier>{36d8f8a4-b607-491c-afa2-dc8849d0ffe0}</UniqueIdentifier>
    </Filter>
  </ItemGroup>
  <ItemGroup>
    <ClInclude Include="Physic.h">
      <Filter>Header Files\Physic</Filter>
    </ClInclude>
    <ClInclude Include="Vector3.h">
      <Filter>Header Files\Util</Filter>
    </ClInclude>
    <ClInclude Include="Quaternion.h">
      <Filter>Header Files\Util</Filter>
    </ClInclude>
    <ClInclude Include="RigidBody.h">
      <Filter>Header Files\Rigidbody</Filter>
    </ClInclude>
    <ClInclude Include="Collision.h">
      <Filter>Header Files\Collision</Filter>
    </ClInclude>
    <ClInclude Include="Matrix.h">
      <Filter>Header Files\Util</Filter>
    </ClInclude>
    <ClInclude Include="Forces.h">
      <Filter>Header Files\Util</Filter>
    </ClInclude>
    <ClInclude Include="CollisionDetector.h">
      <Filter>Header Files\Collision</Filter>
    </ClInclude>
  </ItemGroup>
  <ItemGroup>
    <ClCompile Include="Vector3.cpp">
      <Filter>Source Files\Util</Filter>
    </ClCompile>
    <ClCompile Include="Physic.cpp">
      <Filter>Source Files\Physic</Filter>
    </ClCompile>
    <ClCompile Include="Quaternion.cpp">
      <Filter>Source Files\Util</Filter>
    </ClCompile>
    <ClCompile Include="RigidBody.cpp">
      <Filter>Source Files\Rigidbody</Filter>
    </ClCompile>
    <ClCompile Include="Collision.cpp">
      <Filter>Source Files\Collision</Filter>
    </ClCompile>
    <ClCompile Include="Matrix.cpp">
      <Filter>Source Files\Util</Filter>
    </ClCompile>
    <ClCompile Include="Forces.cpp">
      <Filter>Source Files\Util</Filter>
    </ClCompile>
    <ClCompile Include="CollisionDetector.cpp">
      <Filter>Source Files\Collision</Filter>
    </ClCompile>
  </ItemGroup>
</Project>